github.com/anisse/alsa v0.0.0-20190117080618-9d5ae27c4011 h1:l3ReYttCE4H51WSjsixWsagtkjz7yRHLImii9paf0Vs=
github.com/anisse/alsa v0.0.0-20190117080618-9d5ae27c4011/go.mod h1:/kjT5Fn1GSvpaNUuDKjRU/+/xPtiSojj5eu5k+6vU7Y=
github.com/anisse/librespot-golang/src/Spotify v0.0.0-20190127000001-d164560c700e79a550a h1:70aT1EJVqAGMEP5hoyDoDJ3sq8CXKtxEWPy9ipuaen4=
github.com/anisse/librespot-golang/src/Spotify v0.0.0-20190127000001-d164560c700e79a550a/go.mod h1:uvjAGWZQNxft95Rvl1Z4rabkbI9aKLnIxhiDwjMeX/8=
github.com/anisse/librespot-golang/src/librespot v0.0.0-20190127000001-d164560c700e79a550a h1:nj9fFaNfsPcIwxzPKg6q6AG1clyq0tPjsAOcQtqMQMU=
github.com/anisse/librespot-golang/src/librespot v0.0.0-20190127000001-d164560c700e79a550a/go.mod h1:+WwcpMugckOO5WYWpLf0fw1fGfYATmPbPs8M6y7Fnys=
github.com/badfortrains/mdns v0.0.0-20160325001438-447166384f51 h1:b6+GdpGhuzxPETrVLwY77iq0L/BqLpcPRmaLNW+SoRY=
github.com/badfortrains/mdns v0.0.0-20160325001438-447166384f51/go.mod h1:qHRkxMBkkpAWD2poeBYQt6O5IS4dE6w1Cr4Z8Q3feXI=
github.com/davecgh/go-spew v1.1.0/go.mod h1:J7Y8YcW2NihsgmVo/mv3lAwl/skON4iLHjSsI+c5H38=
github.com/golang/protobuf v0.0.0-20171113180720-1e59b77b52bf h1:pFr/u+m8QUBMW/itAczltF3guNRAL7XDs5tD3f6nSD0=
github.com/golang/protobuf v0.0.0-20171113180720-1e59b77b52bf/go.mod h1:6lQm79b+lXiMfvg/cZm0SGofjICqVBUtrP5yJMmIC1U=
github.com/gopherjs/gopherjs v0.0.0-20180628210949-0892b62f0d9f/go.mod h1:wJfORRmW1u3UXTncJ5qlYoELFm8eSnnEO6hX4iZ3EWY=
github.com/gopherjs/gopherwasm v0.1.1/go.mod h1:kx4n9a+MzHH0BJJhvlsQ65hqLFXDO/m256AsaDPQ+/4=
github.com/hajimehoshi/go-mp3 v0.1.1 h1:Y33fAdTma70fkrxnc9u50Uq0lV6eZ+bkAlssdMmCwUc=
github.com/hajimehoshi/go-mp3 v0.1.1/go.mod h1:4i+c5pDNKDrxl1iu9iG90/+fhP37lio6gNhjCx9WBJw=
github.com/hajimehoshi/oto v0.1.1/go.mod h1:hUiLWeBQnbDu4pZsAhOnGqMI1ZGibS6e2qhQdfpwz04=
github.com/jfreymuth/oggvorbis v1.0.0 h1:aOpiihGrFLXpsh2osOlEvTcg5/aluzGQeC7m3uYWOZ0=
github.com/jfreymuth/oggvorbis v1.0.0/go.mod h1:abe6F9QRjuU9l+2jek3gj46lu40N4qlYxh2grqkLEDM=
github.com/jfreymuth/vorbis v1.0.0 h1:SmDf783s82lIjGZi8EGUUaS7YxPHgRj4ZXW/h7rUi7U=
github.com/jfreymuth/vorbis v1.0.0/go.mod h1:8zy3lUAm9K/rJJk223RKy6vjCZTWC61NA2QD06bfOE0=
github.com/miekg/dns v1.0.1 h1:6gt2fR2lfjPZ/wsZZZFEDcJLNW5eZwy1zUDIkyqxDsA=
github.com/miekg/dns v1.0.1/go.mod h1:W1PPwlIAgtquWBMBEV9nkV9Cazfe8ScdGz/Lj7v3Nrg=
github.com/pmezard/go-difflib v1.0.0/go.mod h1:iKH77koFhYxTK1pcRnkKkqfTogsbg7gZNVY4sRDYZ/4=
github.com/stretchr/testify v1.2.1/go.mod h1:a8OnRcib4nhh0OaRAV+Yts87kKdq0PP7pXfy6kDkUVs=
golang.org/x/crypto v0.0.0-20171219041129-d585fd2cc919 h1:qFAJ1NcSrOkLdaMbN6OmWeqHdp0aFZy7uWOdL/5ddnU=
golang.org/x/crypto v0.0.0-20171219041129-d585fd2cc919/go.mod h1:6SG95UA2DQfeDnfUPMdvaQW0Q7yPrPDi9nlGo2tz2b4=
golang.org/x/net v0.0.0-20171212005608-d866cfc389ce h1:4g3VPcb++AP2cNa6CQ0iACUoH7J/3Jxojq0mmJun9A4=
golang.org/x/net v0.0.0-20171212005608-d866cfc389ce/go.mod h1:mL1N/T3taQHkDXs73rZJwtUhF3w3ftmwwsq0BUmARs4=
golang.org/x/sync v0.0.0-20181108010431-42b317875d0f/go.mod h1:RxMgew5VJxzue5/jJTE5uejpjVlOe/izrB70Jof72aM=
