github.com/anisse/alsa v0.0.0-20190117080618-9d5ae27c4011 h1:l3ReYttCE4H51WSjsixWsagtkjz7yRHLImii9paf0Vs=
github.com/anisse/alsa v0.0.0-20190117080618-9d5ae27c4011/go.mod h1:/kjT5Fn1GSvpaNUuDKjRU/+/xPtiSojj5eu5k+6vU7Y=
github.com/anisse/beatbox v0.0.0-20190130212818-733f3a0c026f h1:jr5kM5L+M849xWrfE3byjX9AuN+U8iGh2u4Zt1XfnqA=
github.com/anisse/beatbox v0.0.0-20190130212818-733f3a0c026f/go.mod h1:Zcx8KFwvZwPrLqgSRVwNodjauG4hZG0siVE9o1SYnpI=
github.com/anisse/beatbox-kernel v0.0.0-20190130212328-8fa385afb5c6 h1:CrmvEKZoayh7S6L6C4DzVzofRFe3No+Ef+IRtIkg7gU=
github.com/anisse/beatbox-kernel v0.0.0-20190130212328-8fa385afb5c6/go.mod h1:/HpWNFiyX1ggLcvv8sZ0hqM4GUUvp4fI7EqMczoqYMU=
github.com/anisse/librespot-golang/src/Spotify v0.0.0-20190127211744-377997a9f2df h1:N9P7wC7o8aobAK34g4tOUc/QihHOYwvXuoPyps6AgQQ=
github.com/anisse/librespot-golang/src/Spotify v0.0.0-20190127211744-377997a9f2df/go.mod h1:TGE9TlHls2eYKhjNEixK8tjI8Nbg93n4i1VcI81dxno=
github.com/anisse/librespot-golang/src/librespot v0.0.0-20190127213042-0ba7a555b6ae h1:a0BlpLv5P25LdnEs2xc/mRj0FeuItZfu1Ti5t+FlMqw=
github.com/anisse/librespot-golang/src/librespot v0.0.0-20190127213042-0ba7a555b6ae/go.mod h1:JJyPoSa+SdUTG2YLFsXqX4cFF1C/kKbr1j/ImLw0ADQ=
github.com/badfortrains/mdns v0.0.0-20160325001438-447166384f51 h1:b6+GdpGhuzxPETrVLwY77iq0L/BqLpcPRmaLNW+SoRY=
github.com/badfortrains/mdns v0.0.0-20160325001438-447166384f51/go.mod h1:qHRkxMBkkpAWD2poeBYQt6O5IS4dE6w1Cr4Z8Q3feXI=
github.com/beevik/ntp v0.2.0 h1:sGsd+kAXzT0bfVfzJfce04g+dSRfrs+tbQW8lweuYgw=
github.com/beevik/ntp v0.2.0/go.mod h1:hIHWr+l3+/clUnF44zdK+CWW7fO8dR5cIylAQ76NRpg=
github.com/davecgh/go-spew v1.1.0/go.mod h1:J7Y8YcW2NihsgmVo/mv3lAwl/skON4iLHjSsI+c5H38=
github.com/gokrazy/firmware v0.0.0-20190123030106-290812bed6be h1:9MntpUcESRP09lfPR3jFJvyBxNiUl332XnYSvq5LSNA=
github.com/gokrazy/firmware v0.0.0-20190123030106-290812bed6be/go.mod h1:/Wg/Oyk098vOfXjoZGM9Iy5KjPfw5fKBMR3YepMUN6A=
github.com/gokrazy/gokrazy v0.0.0-20190101161702-856c5b62d4d1 h1:i7eU3FFFqKVCPfwu8ki4mQJ/fyFkTr+rh1Z4ITgpGvI=
github.com/gokrazy/gokrazy v0.0.0-20190101161702-856c5b62d4d1/go.mod h1:YbpshsItGhDXnytFAvMTRvZvGkVSpZV/4mwxQsvqzHg=
github.com/gokrazy/internal v0.0.0-20180714213357-23a986872b2e h1:NT6XtJ/n1wfoLs3mXiY+jVCiX6y4/9N1MgJyyRf7C1o=
github.com/gokrazy/internal v0.0.0-20180714213357-23a986872b2e/go.mod h1:c7C8E8dlEJG/vdLtGN5NJPdbKNzZi/puMD0sKC346TI=
github.com/gokrazy/tools v0.0.0-20190105220446-f352a9f6d1b8 h1:Fdt3KW/QlPzOdsohPP2eATI45eu8I1ShlRA31iZH3iM=
github.com/gokrazy/tools v0.0.0-20190105220446-f352a9f6d1b8/go.mod h1:BrVlnvSr6tqR03Jpevgvr53UvyJ1FprKhYLllo1QgNE=
github.com/golang/protobuf v0.0.0-20171113180720-1e59b77b52bf h1:pFr/u+m8QUBMW/itAczltF3guNRAL7XDs5tD3f6nSD0=
github.com/golang/protobuf v0.0.0-20171113180720-1e59b77b52bf/go.mod h1:6lQm79b+lXiMfvg/cZm0SGofjICqVBUtrP5yJMmIC1U=
github.com/google/gopacket v1.1.16 h1:u6Afvia5C5srlLcbTwpHaFW918asLYPxieziOaWwz8M=
github.com/google/gopacket v1.1.16/go.mod h1:UCLx9mCmAwsVbn6qQl1WIEt2SO7Nd2fD0th1TBAsqBw=
github.com/gopherjs/gopherjs v0.0.0-20180628210949-0892b62f0d9f/go.mod h1:wJfORRmW1u3UXTncJ5qlYoELFm8eSnnEO6hX4iZ3EWY=
github.com/gopherjs/gopherwasm v0.1.1/go.mod h1:kx4n9a+MzHH0BJJhvlsQ65hqLFXDO/m256AsaDPQ+/4=
github.com/hajimehoshi/go-mp3 v0.1.1 h1:Y33fAdTma70fkrxnc9u50Uq0lV6eZ+bkAlssdMmCwUc=
github.com/hajimehoshi/go-mp3 v0.1.1/go.mod h1:4i+c5pDNKDrxl1iu9iG90/+fhP37lio6gNhjCx9WBJw=
github.com/hajimehoshi/oto v0.1.1/go.mod h1:hUiLWeBQnbDu4pZsAhOnGqMI1ZGibS6e2qhQdfpwz04=
github.com/jfreymuth/oggvorbis v1.0.0 h1:aOpiihGrFLXpsh2osOlEvTcg5/aluzGQeC7m3uYWOZ0=
github.com/jfreymuth/oggvorbis v1.0.0/go.mod h1:abe6F9QRjuU9l+2jek3gj46lu40N4qlYxh2grqkLEDM=
github.com/jfreymuth/vorbis v1.0.0 h1:SmDf783s82lIjGZi8EGUUaS7YxPHgRj4ZXW/h7rUi7U=
github.com/jfreymuth/vorbis v1.0.0/go.mod h1:8zy3lUAm9K/rJJk223RKy6vjCZTWC61NA2QD06bfOE0=
github.com/mdlayher/raw v0.0.0-20181016155347-fa5ef3332ca9 h1:tOtO8DXiNGj9NshRKHWiZuGlSldPFzFCFYhNtsKTBCs=
github.com/mdlayher/raw v0.0.0-20181016155347-fa5ef3332ca9/go.mod h1:rC/yE65s/DoHB6BzVOUBNYBGTg772JVytyAytffIZkY=
github.com/miekg/dns v1.0.1 h1:6gt2fR2lfjPZ/wsZZZFEDcJLNW5eZwy1zUDIkyqxDsA=
github.com/miekg/dns v1.0.1/go.mod h1:W1PPwlIAgtquWBMBEV9nkV9Cazfe8ScdGz/Lj7v3Nrg=
github.com/pmezard/go-difflib v1.0.0/go.mod h1:iKH77koFhYxTK1pcRnkKkqfTogsbg7gZNVY4sRDYZ/4=
github.com/rtr7/dhcp4 v0.0.0-20181120124042-778e8c2e24a5 h1:/kzTBQ20DbbhSNaBXiFEk2gPrGhY26kajwC1ro/Vlh8=
github.com/rtr7/dhcp4 v0.0.0-20181120124042-778e8c2e24a5/go.mod h1:FwstIpm6vX98QgtR8KEwZcVjiRn2WP76LjXAHj84fK0=
github.com/stretchr/testify v1.2.1/go.mod h1:a8OnRcib4nhh0OaRAV+Yts87kKdq0PP7pXfy6kDkUVs=
golang.org/x/crypto v0.0.0-20171219041129-d585fd2cc919 h1:qFAJ1NcSrOkLdaMbN6OmWeqHdp0aFZy7uWOdL/5ddnU=
golang.org/x/crypto v0.0.0-20171219041129-d585fd2cc919/go.mod h1:6SG95UA2DQfeDnfUPMdvaQW0Q7yPrPDi9nlGo2tz2b4=
golang.org/x/net v0.0.0-20171212005608-d866cfc389ce h1:4g3VPcb++AP2cNa6CQ0iACUoH7J/3Jxojq0mmJun9A4=
golang.org/x/net v0.0.0-20171212005608-d866cfc389ce/go.mod h1:mL1N/T3taQHkDXs73rZJwtUhF3w3ftmwwsq0BUmARs4=
golang.org/x/sync v0.0.0-20181108010431-42b317875d0f/go.mod h1:RxMgew5VJxzue5/jJTE5uejpjVlOe/izrB70Jof72aM=
golang.org/x/sys v0.0.0-20190201152629-afcc84fd7533 h1:bLfqnzrpeG4usq5OvMCrwTdmMJ6aTmlCuo1eKl0mhkI=
golang.org/x/sys v0.0.0-20190201152629-afcc84fd7533/go.mod h1:STP8DvDyc/dI5b8T5hshtkjS+E42TnysNCUPdjciGhY=
